
Microsoft Visual Studio Solution File, Format Version 12.00
# Visual Studio Version 17
VisualStudioVersion = 17.0.31903.59
MinimumVisualStudioVersion = 10.0.40219.1
Project("{2150E333-8FDC-42A3-9474-1A3956D46DE8}") = "src", "src", "{BA9EBA7F-375F-4C83-94A3-12676A2ACBFE}"
EndProject
Project("{9A19103F-16F7-4668-BE54-9A1E7A4F7556}") = "Nameless.WebApplication", "src\Nameless.WebApplication\Nameless.WebApplication.csproj", "{5D5D06B4-6D85-49A6-B72C-F9C6767A540B}"
EndProject
Project("{9A19103F-16F7-4668-BE54-9A1E7A4F7556}") = "Nameless.WebApplication.Core", "src\Nameless.WebApplication.Core\Nameless.WebApplication.Core.csproj", "{37540388-D5AD-4CD1-9C85-430D1078349E}"
EndProject
Project("{2150E333-8FDC-42A3-9474-1A3956D46DE8}") = "github", "github", "{4B65D51D-3703-431B-ADAB-188CC4E4B56D}"
EndProject
Project("{2150E333-8FDC-42A3-9474-1A3956D46DE8}") = "workflows", "workflows", "{B4A16808-BAAD-4E0A-B9B6-558322481570}"
	ProjectSection(SolutionItems) = preProject
		.github\workflows\develop.yml = .github\workflows\develop.yml
	EndProjectSection
EndProject
Global
	GlobalSection(SolutionConfigurationPlatforms) = preSolution
		Debug|Any CPU = Debug|Any CPU
		Debug|x64 = Debug|x64
		Debug|x86 = Debug|x86
		Release|Any CPU = Release|Any CPU
		Release|x64 = Release|x64
		Release|x86 = Release|x86
	EndGlobalSection
	GlobalSection(ProjectConfigurationPlatforms) = postSolution
		{5D5D06B4-6D85-49A6-B72C-F9C6767A540B}.Debug|Any CPU.ActiveCfg = Debug|Any CPU
		{5D5D06B4-6D85-49A6-B72C-F9C6767A540B}.Debug|Any CPU.Build.0 = Debug|Any CPU
		{5D5D06B4-6D85-49A6-B72C-F9C6767A540B}.Debug|x64.ActiveCfg = Debug|Any CPU
		{5D5D06B4-6D85-49A6-B72C-F9C6767A540B}.Debug|x64.Build.0 = Debug|Any CPU
		{5D5D06B4-6D85-49A6-B72C-F9C6767A540B}.Debug|x86.ActiveCfg = Debug|Any CPU
		{5D5D06B4-6D85-49A6-B72C-F9C6767A540B}.Debug|x86.Build.0 = Debug|Any CPU
		{5D5D06B4-6D85-49A6-B72C-F9C6767A540B}.Release|Any CPU.ActiveCfg = Release|Any CPU
		{5D5D06B4-6D85-49A6-B72C-F9C6767A540B}.Release|Any CPU.Build.0 = Release|Any CPU
		{5D5D06B4-6D85-49A6-B72C-F9C6767A540B}.Release|x64.ActiveCfg = Release|Any CPU
		{5D5D06B4-6D85-49A6-B72C-F9C6767A540B}.Release|x64.Build.0 = Release|Any CPU
		{5D5D06B4-6D85-49A6-B72C-F9C6767A540B}.Release|x86.ActiveCfg = Release|Any CPU
		{5D5D06B4-6D85-49A6-B72C-F9C6767A540B}.Release|x86.Build.0 = Release|Any CPU
		{37540388-D5AD-4CD1-9C85-430D1078349E}.Debug|Any CPU.ActiveCfg = Debug|Any CPU
		{37540388-D5AD-4CD1-9C85-430D1078349E}.Debug|Any CPU.Build.0 = Debug|Any CPU
		{37540388-D5AD-4CD1-9C85-430D1078349E}.Debug|x64.ActiveCfg = Debug|Any CPU
		{37540388-D5AD-4CD1-9C85-430D1078349E}.Debug|x64.Build.0 = Debug|Any CPU
		{37540388-D5AD-4CD1-9C85-430D1078349E}.Debug|x86.ActiveCfg = Debug|Any CPU
		{37540388-D5AD-4CD1-9C85-430D1078349E}.Debug|x86.Build.0 = Debug|Any CPU
		{37540388-D5AD-4CD1-9C85-430D1078349E}.Release|Any CPU.ActiveCfg = Release|Any CPU
		{37540388-D5AD-4CD1-9C85-430D1078349E}.Release|Any CPU.Build.0 = Release|Any CPU
		{37540388-D5AD-4CD1-9C85-430D1078349E}.Release|x64.ActiveCfg = Release|Any CPU
		{37540388-D5AD-4CD1-9C85-430D1078349E}.Release|x64.Build.0 = Release|Any CPU
		{37540388-D5AD-4CD1-9C85-430D1078349E}.Release|x86.ActiveCfg = Release|Any CPU
		{37540388-D5AD-4CD1-9C85-430D1078349E}.Release|x86.Build.0 = Release|Any CPU
	EndGlobalSection
	GlobalSection(SolutionProperties) = preSolution
		HideSolutionNode = FALSE
	EndGlobalSection
	GlobalSection(NestedProjects) = preSolution
		{5D5D06B4-6D85-49A6-B72C-F9C6767A540B} = {BA9EBA7F-375F-4C83-94A3-12676A2ACBFE}
		{37540388-D5AD-4CD1-9C85-430D1078349E} = {BA9EBA7F-375F-4C83-94A3-12676A2ACBFE}
		{B4A16808-BAAD-4E0A-B9B6-558322481570} = {4B65D51D-3703-431B-ADAB-188CC4E4B56D}
	EndGlobalSection
	GlobalSection(ExtensibilityGlobals) = postSolution
		SolutionGuid = {6A7D5003-26FE-4992-BE9C-C9C04DEC2D66}
	EndGlobalSection
EndGlobal
